// !$*UTF8*$!
{
	archiveVersion = 1;
	classes = {
	};
	objectVersion = 50;
	objects = {

/* Begin PBXBuildFile section */
		E6B47F9D2355C31B00E2D2FB /* AppDelegate.swift in Sources */ = {isa = PBXBuildFile; fileRef = E6B47F9C2355C31B00E2D2FB /* AppDelegate.swift */; };
		E6B47F9F2355C31B00E2D2FB /* ViewController.swift in Sources */ = {isa = PBXBuildFile; fileRef = E6B47F9E2355C31B00E2D2FB /* ViewController.swift */; };
		E6B47FA22355C31B00E2D2FB /* Main.storyboard in Resources */ = {isa = PBXBuildFile; fileRef = E6B47FA02355C31B00E2D2FB /* Main.storyboard */; };
		E6B47FA42355C31D00E2D2FB /* Assets.xcassets in Resources */ = {isa = PBXBuildFile; fileRef = E6B47FA32355C31D00E2D2FB /* Assets.xcassets */; };
		E6B47FA72355C31D00E2D2FB /* LaunchScreen.storyboard in Resources */ = {isa = PBXBuildFile; fileRef = E6B47FA52355C31D00E2D2FB /* LaunchScreen.storyboard */; };
		E6B47FAF2355C73100E2D2FB /* Challenge.swift in Sources */ = {isa = PBXBuildFile; fileRef = E6B47FAE2355C73100E2D2FB /* Challenge.swift */; };
		E6B47FB2235649E500E2D2FB /* LearnerModel.swift in Sources */ = {isa = PBXBuildFile; fileRef = E6B47FB1235649E500E2D2FB /* LearnerModel.swift */; };
/* End PBXBuildFile section */

/* Begin PBXFileReference section */
		E6B47F992355C31B00E2D2FB /* OiCampinas.app */ = {isa = PBXFileReference; explicitFileType = wrapper.application; includeInIndex = 0; path = OiCampinas.app; sourceTree = BUILT_PRODUCTS_DIR; };
		E6B47F9C2355C31B00E2D2FB /* AppDelegate.swift */ = {isa = PBXFileReference; lastKnownFileType = sourcecode.swift; path = AppDelegate.swift; sourceTree = "<group>"; };
		E6B47F9E2355C31B00E2D2FB /* ViewController.swift */ = {isa = PBXFileReference; lastKnownFileType = sourcecode.swift; path = ViewController.swift; sourceTree = "<group>"; };
		E6B47FA12355C31B00E2D2FB /* Base */ = {isa = PBXFileReference; lastKnownFileType = file.storyboard; name = Base; path = Base.lproj/Main.storyboard; sourceTree = "<group>"; };
		E6B47FA32355C31D00E2D2FB /* Assets.xcassets */ = {isa = PBXFileReference; lastKnownFileType = folder.assetcatalog; path = Assets.xcassets; sourceTree = "<group>"; };
		E6B47FA62355C31D00E2D2FB /* Base */ = {isa = PBXFileReference; lastKnownFileType = file.storyboard; name = Base; path = Base.lproj/LaunchScreen.storyboard; sourceTree = "<group>"; };
		E6B47FA82355C31D00E2D2FB /* Info.plist */ = {isa = PBXFileReference; lastKnownFileType = text.plist.xml; path = Info.plist; sourceTree = "<group>"; };
		E6B47FAE2355C73100E2D2FB /* Challenge.swift */ = {isa = PBXFileReference; lastKnownFileType = sourcecode.swift; path = Challenge.swift; sourceTree = "<group>"; };
		E6B47FB1235649E500E2D2FB /* LearnerModel.swift */ = {isa = PBXFileReference; lastKnownFileType = sourcecode.swift; path = LearnerModel.swift; sourceTree = "<group>"; };
/* End PBXFileReference section */

/* Begin PBXFrameworksBuildPhase section */
		E6B47F962355C31B00E2D2FB /* Frameworks */ = {
			isa = PBXFrameworksBuildPhase;
			buildActionMask = 2147483647;
			files = (
			);
			runOnlyForDeploymentPostprocessing = 0;
		};
/* End PBXFrameworksBuildPhase section */

/* Begin PBXGroup section */
		E6B47F902355C31B00E2D2FB = {
			isa = PBXGroup;
			children = (
				E6B47F9B2355C31B00E2D2FB /* OiCampinas */,
				E6B47F9A2355C31B00E2D2FB /* Products */,
			);
			sourceTree = "<group>";
		};
		E6B47F9A2355C31B00E2D2FB /* Products */ = {
			isa = PBXGroup;
			children = (
				E6B47F992355C31B00E2D2FB /* OiCampinas.app */,
			);
			name = Products;
			sourceTree = "<group>";
		};
		E6B47F9B2355C31B00E2D2FB /* OiCampinas */ = {
			isa = PBXGroup;
			children = (
				E6B47FB0235649D800E2D2FB /* Model */,
				E6B47F9C2355C31B00E2D2FB /* AppDelegate.swift */,
				E6B47F9E2355C31B00E2D2FB /* ViewController.swift */,
				E6B47FAE2355C73100E2D2FB /* Challenge.swift */,
				E6B47FA02355C31B00E2D2FB /* Main.storyboard */,
				E6B47FA32355C31D00E2D2FB /* Assets.xcassets */,
				E6B47FA52355C31D00E2D2FB /* LaunchScreen.storyboard */,
				E6B47FA82355C31D00E2D2FB /* Info.plist */,
			);
			path = OiCampinas;
			sourceTree = "<group>";
		};
		E6B47FB0235649D800E2D2FB /* Model */ = {
			isa = PBXGroup;
			children = (
				E6B47FB1235649E500E2D2FB /* LearnerModel.swift */,
			);
			path = Model;
			sourceTree = "<group>";
		};
/* End PBXGroup section */

/* Begin PBXNativeTarget section */
		E6B47F982355C31B00E2D2FB /* OiCampinas */ = {
			isa = PBXNativeTarget;
			buildConfigurationList = E6B47FAB2355C31D00E2D2FB /* Build configuration list for PBXNativeTarget "OiCampinas" */;
			buildPhases = (
				E6B47F952355C31B00E2D2FB /* Sources */,
				E6B47F962355C31B00E2D2FB /* Frameworks */,
				E6B47F972355C31B00E2D2FB /* Resources */,
			);
			buildRules = (
			);
			dependencies = (
			);
			name = OiCampinas;
			productName = OiCampinas;
			productReference = E6B47F992355C31B00E2D2FB /* OiCampinas.app */;
			productType = "com.apple.product-type.application";
		};
/* End PBXNativeTarget section */

/* Begin PBXProject section */
		E6B47F912355C31B00E2D2FB /* Project object */ = {
			isa = PBXProject;
			attributes = {
				LastSwiftUpdateCheck = 1020;
				LastUpgradeCheck = 1020;
				ORGANIZATIONNAME = "Zein Rezky Chandra";
				TargetAttributes = {
					E6B47F982355C31B00E2D2FB = {
						CreatedOnToolsVersion = 10.2.1;
					};
				};
			};
			buildConfigurationList = E6B47F942355C31B00E2D2FB /* Build configuration list for PBXProject "OiCampinas" */;
			compatibilityVersion = "Xcode 9.3";
			developmentRegion = en;
			hasScannedForEncodings = 0;
			knownRegions = (
				en,
				Base,
			);
			mainGroup = E6B47F902355C31B00E2D2FB;
			productRefGroup = E6B47F9A2355C31B00E2D2FB /* Products */;
			projectDirPath = "";
			projectRoot = "";
			targets = (
				E6B47F982355C31B00E2D2FB /* OiCampinas */,
			);
		};
/* End PBXProject section */

/* Begin PBXResourcesBuildPhase section */
		E6B47F972355C31B00E2D2FB /* Resources */ = {
			isa = PBXResourcesBuildPhase;
			buildActionMask = 2147483647;
			files = (
				E6B47FA72355C31D00E2D2FB /* LaunchScreen.storyboard in Resources */,
				E6B47FA42355C31D00E2D2FB /* Assets.xcassets in Resources */,
				E6B47FA22355C31B00E2D2FB /* Main.storyboard in Resources */,
			);
			runOnlyForDeploymentPostprocessing = 0;
		};
/* End PBXResourcesBuildPhase section */

/* Begin PBXSourcesBuildPhase section */
		E6B47F952355C31B00E2D2FB /* Sources */ = {
			isa = PBXSourcesBuildPhase;
			buildActionMask = 2147483647;
			files = (
				E6B47F9F2355C31B00E2D2FB /* ViewController.swift in Sources */,
				E6B47FAF2355C73100E2D2FB /* Challenge.swift in Sources */,
				E6B47F9D2355C31B00E2D2FB /* AppDelegate.swift in Sources */,
				E6B47FB2235649E500E2D2FB /* LearnerModel.swift in Sources */,
			);
			runOnlyForDeploymentPostprocessing = 0;
		};
/* End PBXSourcesBuildPhase section */

/* Begin PBXVariantGroup section */
		E6B47FA02355C31B00E2D2FB /* Main.storyboard */ = {
			isa = PBXVariantGroup;
			children = (
				E6B47FA12355C31B00E2D2FB /* Base */,
			);
			name = Main.storyboard;
			sourceTree = "<group>";
		};
		E6B47FA52355C31D00E2D2FB /* LaunchScreen.storyboard */ = {
			isa = PBXVariantGroup;
			children = (
				E6B47FA62355C31D00E2D2FB /* Base */,
			);
			name = LaunchScreen.storyboard;
			sourceTree = "<group>";
		};
/* End PBXVariantGroup section */

/* Begin XCBuildConfiguration section */
		E6B47FA92355C31D00E2D2FB /* Debug */ = {
			isa = XCBuildConfiguration;
			buildSettings = {
				ALWAYS_SEARCH_USER_PATHS = NO;
				CLANG_ANALYZER_NONNULL = YES;
				CLANG_ANALYZER_NUMBER_OBJECT_CONVERSION = YES_AGGRESSIVE;
				CLANG_CXX_LANGUAGE_STANDARD = "gnu++14";
				CLANG_CXX_LIBRARY = "libc++";
				CLANG_ENABLE_MODULES = YES;
				CLANG_ENABLE_OBJC_ARC = YES;
				CLANG_ENABLE_OBJC_WEAK = YES;
				CLANG_WARN_BLOCK_CAPTURE_AUTORELEASING = YES;
				CLANG_WARN_BOOL_CONVERSION = YES;
				CLANG_WARN_COMMA = YES;
				CLANG_WARN_CONSTANT_CONVERSION = YES;
				CLANG_WARN_DEPRECATED_OBJC_IMPLEMENTATIONS = YES;
				CLANG_WARN_DIRECT_OBJC_ISA_USAGE = YES_ERROR;
				CLANG_WARN_DOCUMENTATION_COMMENTS = YES;
				CLANG_WARN_EMPTY_BODY = YES;
				CLANG_WARN_ENUM_CONVERSION = YES;
				CLANG_WARN_INFINITE_RECURSION = YES;
				CLANG_WARN_INT_CONVERSION = YES;
				CLANG_WARN_NON_LITERAL_NULL_CONVERSION = YES;
				CLANG_WARN_OBJC_IMPLICIT_RETAIN_SELF = YES;
				CLANG_WARN_OBJC_LITERAL_CONVERSION = YES;
				CLANG_WARN_OBJC_ROOT_CLASS = YES_ERROR;
				CLANG_WARN_RANGE_LOOP_ANALYSIS = YES;
				CLANG_WARN_STRICT_PROTOTYPES = YES;
				CLANG_WARN_SUSPICIOUS_MOVE = YES;
				CLANG_WARN_UNGUARDED_AVAILABILITY = YES_AGGRESSIVE;
				CLANG_WARN_UNREACHABLE_CODE = YES;
				CLANG_WARN__DUPLICATE_METHOD_MATCH = YES;
				CODE_SIGN_IDENTITY = "iPhone Developer";
				COPY_PHASE_STRIP = NO;
				DEBUG_INFORMATION_FORMAT = dwarf;
				ENABLE_STRICT_OBJC_MSGSEND = YES;
				ENABLE_TESTABILITY = YES;
				GCC_C_LANGUAGE_STANDARD = gnu11;
				GCC_DYNAMIC_NO_PIC = NO;
				GCC_NO_COMMON_BLOCKS = YES;
				GCC_OPTIMIZATION_LEVEL = 0;
				GCC_PREPROCESSOR_DEFINITIONS = (
					"DEBUG=1",
					"$(inherited)",
				);
				GCC_WARN_64_TO_32_BIT_CONVERSION = YES;
				GCC_WARN_ABOUT_RETURN_TYPE = YES_ERROR;
				GCC_WARN_UNDECLARED_SELECTOR = YES;
				GCC_WARN_UNINITIALIZED_AUTOS = YES_AGGRESSIVE;
				GCC_WARN_UNUSED_FUNCTION = YES;
				GCC_WARN_UNUSED_VARIABLE = YES;
				IPHONEOS_DEPLOYMENT_TARGET = 12.2;
				MTL_ENABLE_DEBUG_INFO = INCLUDE_SOURCE;
				MTL_FAST_MATH = YES;
				ONLY_ACTIVE_ARCH = YES;
				SDKROOT = iphoneos;
				SWIFT_ACTIVE_COMPILATION_CONDITIONS = DEBUG;
				SWIFT_OPTIMIZATION_LEVEL = "-Onone";
			};
			name = Debug;
		};
		E6B47FAA2355C31D00E2D2FB /* Release */ = {
			isa = XCBuildConfiguration;
			buildSettings = {
				ALWAYS_SEARCH_USER_PATHS = NO;
				CLANG_ANALYZER_NONNULL = YES;
				CLANG_ANALYZER_NUMBER_OBJECT_CONVERSION = YES_AGGRESSIVE;
				CLANG_CXX_LANGUAGE_STANDARD = "gnu++14";
				CLANG_CXX_LIBRARY = "libc++";
				CLANG_ENABLE_MODULES = YES;
				CLANG_ENABLE_OBJC_ARC = YES;
				CLANG_ENABLE_OBJC_WEAK = YES;
				CLANG_WARN_BLOCK_CAPTURE_AUTORELEASING = YES;
				CLANG_WARN_BOOL_CONVERSION = YES;
				CLANG_WARN_COMMA = YES;
				CLANG_WARN_CONSTANT_CONVERSION = YES;
				CLANG_WARN_DEPRECATED_OBJC_IMPLEMENTATIONS = YES;
				CLANG_WARN_DIRECT_OBJC_ISA_USAGE = YES_ERROR;
				CLANG_WARN_DOCUMENTATION_COMMENTS = YES;
				CLANG_WARN_EMPTY_BODY = YES;
				CLANG_WARN_ENUM_CONVERSION = YES;
				CLANG_WARN_INFINITE_RECURSION = YES;
				CLANG_WARN_INT_CONVERSION = YES;
				CLANG_WARN_NON_LITERAL_NULL_CONVERSION = YES;
				CLANG_WARN_OBJC_IMPLICIT_RETAIN_SELF = YES;
				CLANG_WARN_OBJC_LITERAL_CONVERSION = YES;
				CLANG_WARN_OBJC_ROOT_CLASS = YES_ERROR;
				CLANG_WARN_RANGE_LOOP_ANALYSIS = YES;
				CLANG_WARN_STRICT_PROTOTYPES = YES;
				CLANG_WARN_SUSPICIOUS_MOVE = YES;
				CLANG_WARN_UNGUARDED_AVAILABILITY = YES_AGGRESSIVE;
				CLANG_WARN_UNREACHABLE_CODE = YES;
				CLANG_WARN__DUPLICATE_METHOD_MATCH = YES;
				CODE_SIGN_IDENTITY = "iPhone Developer";
				COPY_PHASE_STRIP = NO;
				DEBUG_INFORMATION_FORMAT = "dwarf-with-dsym";
				ENABLE_NS_ASSERTIONS = NO;
				ENABLE_STRICT_OBJC_MSGSEND = YES;
				GCC_C_LANGUAGE_STANDARD = gnu11;
				GCC_NO_COMMON_BLOCKS = YES;
				GCC_WARN_64_TO_32_BIT_CONVERSION = YES;
				GCC_WARN_ABOUT_RETURN_TYPE = YES_ERROR;
				GCC_WARN_UNDECLARED_SELECTOR = YES;
				GCC_WARN_UNINITIALIZED_AUTOS = YES_AGGRESSIVE;
				GCC_WARN_UNUSED_FUNCTION = YES;
				GCC_WARN_UNUSED_VARIABLE = YES;
				IPHONEOS_DEPLOYMENT_TARGET = 12.2;
				MTL_ENABLE_DEBUG_INFO = NO;
				MTL_FAST_MATH = YES;
				SDKROOT = iphoneos;
				SWIFT_COMPILATION_MODE = wholemodule;
				SWIFT_OPTIMIZATION_LEVEL = "-O";
				VALIDATE_PRODUCT = YES;
			};
			name = Release;
		};
		E6B47FAC2355C31D00E2D2FB /* Debug */ = {
			isa = XCBuildConfiguration;
			buildSettings = {
				ASSETCATALOG_COMPILER_APPICON_NAME = AppIcon;
				CODE_SIGN_STYLE = Automatic;
				DEVELOPMENT_TEAM = FMBNG35Z38;
				INFOPLIST_FILE = OiCampinas/Info.plist;
				LD_RUNPATH_SEARCH_PATHS = (
					"$(inherited)",
					"@executable_path/Frameworks",
				);
				PRODUCT_BUNDLE_IDENTIFIER = com.zeinrezky.OiCampinas;
				PRODUCT_NAME = "$(TARGET_NAME)";
				SWIFT_VERSION = 5.0;
				TARGETED_DEVICE_FAMILY = "1,2";
			};
			name = Debug;
		};
		E6B47FAD2355C31D00E2D2FB /* Release */ = {
			isa = XCBuildConfiguration;
			buildSettings = {
				ASSETCATALOG_COMPILER_APPICON_NAME = AppIcon;
				CODE_SIGN_STYLE = Automatic;
				DEVELOPMENT_TEAM = FMBNG35Z38;
				INFOPLIST_FILE = OiCampinas/Info.plist;
				LD_RUNPATH_SEARCH_PATHS = (
					"$(inherited)",
					"@executable_path/Frameworks",
				);
				PRODUCT_BUNDLE_IDENTIFIER = com.zeinrezky.OiCampinas;
				PRODUCT_NAME = "$(TARGET_NAME)";
				SWIFT_VERSION = 5.0;
				TARGETED_DEVICE_FAMILY = "1,2";
			};
			name = Release;
		};
/* End XCBuildConfiguration section */

/* Begin XCConfigurationList section */
		E6B47F942355C31B00E2D2FB /* Build configuration list for PBXProject "OiCampinas" */ = {
			isa = XCConfigurationList;
			buildConfigurations = (
				E6B47FA92355C31D00E2D2FB /* Debug */,
				E6B47FAA2355C31D00E2D2FB /* Release */,
			);
			defaultConfigurationIsVisible = 0;
			defaultConfigurationName = Release;
		};
		E6B47FAB2355C31D00E2D2FB /* Build configuration list for PBXNativeTarget "OiCampinas" */ = {
			isa = XCConfigurationList;
			buildConfigurations = (
				E6B47FAC2355C31D00E2D2FB /* Debug */,
				E6B47FAD2355C31D00E2D2FB /* Release */,
			);
			defaultConfigurationIsVisible = 0;
			defaultConfigurationName = Release;
		};
/* End XCConfigurationList section */
	};
	rootObject = E6B47F912355C31B00E2D2FB /* Project object */;
}
